Microsoft Visual Studio Solution File, Format Version 12.00
# Visual Studio Version 17
VisualStudioVersion = 17.5.2.0
MinimumVisualStudioVersion = 10.0.40219.1
Project("{FAE04EC0-301F-11D3-BF4B-00C04F79EFBC}") = "resolucion", "resolucion.csproj", "{8591EAE2-B257-D8D2-E1EA-3709576D2718}"
EndProject
Global
	GlobalSection(SolutionConfigurationPlatforms) = preSolution
		Debug|Any CPU = Debug|Any CPU
		Release|Any CPU = Release|Any CPU
	EndGlobalSection
	GlobalSection(ProjectConfigurationPlatforms) = postSolution
		{8591EAE2-B257-D8D2-E1EA-3709576D2718}.Debug|Any CPU.ActiveCfg = Debug|Any CPU
		{8591EAE2-B257-D8D2-E1EA-3709576D2718}.Debug|Any CPU.Build.0 = Debug|Any CPU
		{8591EAE2-B257-D8D2-E1EA-3709576D2718}.Release|Any CPU.ActiveCfg = Release|Any CPU
		{8591EAE2-B257-D8D2-E1EA-3709576D2718}.Release|Any CPU.Build.0 = Release|Any CPU
	EndGlobalSection
	GlobalSection(SolutionProperties) = preSolution
		HideSolutionNode = FALSE
	EndGlobalSection
	GlobalSection(ExtensibilityGlobals) = postSolution
		SolutionGuid = {758339AA-EC7E-4165-B689-AE487B11AB67}
	EndGlobalSection
EndGlobal
